PODS:
  - Alamofire (5.10.2)
  - AlamofireImage (4.3.0):
    - Alamofire (~> 5.8)
  - MBProgressHUD (1.2.0)
  - SVProgressHUD (2.3.1):
    - SVProgressHUD/Core (= 2.3.1)
  - SVProgressHUD/Core (2.3.1)
  - SwiftLint (0.62.2)
  - TvOSMoreButton (1.4.1)
  - TvOSTextViewer (1.1.1)

DEPENDENCIES:
  - Alamofire (~> 5.9)
  - AlamofireImage (~> 4.3)
  - MBProgressHUD (~> 1.2.0)
  - SVProgressHUD (~> 2.3.1)
  - SwiftLint
  - TvOSMoreButton (~> 1.4.1)
  - TvOSTextViewer (~> 1.1.1)

SPEC REPOS:
  trunk:
    - Alamofire
    - AlamofireImage
    - MBProgressHUD
    - SVProgressHUD
    - SwiftLint
    - TvOSMoreButton
    - TvOSTextViewer

SPEC CHECKSUMS:
  Alamofire: 7193b3b92c74a07f85569e1a6c4f4237291e7496
  AlamofireImage: 843953fa97bee5f561cf05d83abd759e590b068d
  MBProgressHUD: 3ee5efcc380f6a79a7cc9b363dd669c5e1ae7406
  SVProgressHUD: 4837c74bdfe2e51e8821c397825996a8d7de6e22
  SwiftLint: f84fc7d844e9cde0dc4f5013af608a269e317aba
  TvOSMoreButton: 7aae43a537176f722a9656b9079568c927cf60d3
  TvOSTextViewer: e369c08f6ba3c021aa6b25aa7a948a9561984006

PODFILE CHECKSUM: fac061e4fe86fef9ca0d03720ecb8b32faf5beff

COCOAPODS: 1.16.2
