// !$*UTF8*$!
{
	archiveVersion = 1;
	classes = {
	};
	objectVersion = 77;
	objects = {

/* Begin PBXBuildFile section */
		2FD27FEB1FC9F69BFEE84841 /* Pods_Internet_ArchiveUITests.framework in Frameworks */ = {isa = PBXBuildFile; fileRef = A1789A7600134709E74AA21B /* Pods_Internet_ArchiveUITests.framework */; };
		8EB4EEC2C65BDA268D44DD6B /* Pods_Internet_Archive.framework in Frameworks */ = {isa = PBXBuildFile; fileRef = ACF558E0B6CB8477B99F92DB /* Pods_Internet_Archive.framework */; };
		BB608F6A2E7F134CAF800A0F /* Pods_Internet_ArchiveTests.framework in Frameworks */ = {isa = PBXBuildFile; fileRef = 435E5970557BD30BCCF789B6 /* Pods_Internet_ArchiveTests.framework */; };
/* End PBXBuildFile section */

/* Begin PBXContainerItemProxy section */
		48AC819F2ED1179F004C9F77 /* PBXContainerItemProxy */ = {
			isa = PBXContainerItemProxy;
			containerPortal = C3260C5E20A2287E00C32ACA /* Project object */;
			proxyType = 1;
			remoteGlobalIDString = C3260C6520A2287F00C32ACA;
			remoteInfo = "Internet Archive";
		};
		48AC81CC2ED1181A004C9F77 /* PBXContainerItemProxy */ = {
			isa = PBXContainerItemProxy;
			containerPortal = C3260C5E20A2287E00C32ACA /* Project object */;
			proxyType = 1;
			remoteGlobalIDString = C3260C6520A2287F00C32ACA;
			remoteInfo = "Internet Archive";
		};
/* End PBXContainerItemProxy section */

/* Begin PBXFileReference section */
		1B659067B3F48E30893CC3B9 /* Pods-Internet ArchiveTests.release.xcconfig */ = {isa = PBXFileReference; includeInIndex = 1; lastKnownFileType = text.xcconfig; name = "Pods-Internet ArchiveTests.release.xcconfig"; path = "Target Support Files/Pods-Internet ArchiveTests/Pods-Internet ArchiveTests.release.xcconfig"; sourceTree = "<group>"; };
		281514CA691502DFDBF8A81C /* Pods-Internet Archive-Internet ArchiveUITests.release.xcconfig */ = {isa = PBXFileReference; includeInIndex = 1; lastKnownFileType = text.xcconfig; name = "Pods-Internet Archive-Internet ArchiveUITests.release.xcconfig"; path = "Target Support Files/Pods-Internet Archive-Internet ArchiveUITests/Pods-Internet Archive-Internet ArchiveUITests.release.xcconfig"; sourceTree = "<group>"; };
		2ADF52F0E018B6676452E765 /* Pods-Internet ArchiveTests.debug.xcconfig */ = {isa = PBXFileReference; includeInIndex = 1; lastKnownFileType = text.xcconfig; name = "Pods-Internet ArchiveTests.debug.xcconfig"; path = "Target Support Files/Pods-Internet ArchiveTests/Pods-Internet ArchiveTests.debug.xcconfig"; sourceTree = "<group>"; };
		435E5970557BD30BCCF789B6 /* Pods_Internet_ArchiveTests.framework */ = {isa = PBXFileReference; explicitFileType = wrapper.framework; includeInIndex = 0; path = Pods_Internet_ArchiveTests.framework; sourceTree = BUILT_PRODUCTS_DIR; };
		48AC819B2ED1179F004C9F77 /* Internet ArchiveTests.xctest */ = {isa = PBXFileReference; explicitFileType = wrapper.cfbundle; includeInIndex = 0; path = "Internet ArchiveTests.xctest"; sourceTree = BUILT_PRODUCTS_DIR; };
		48AC81C62ED1181A004C9F77 /* Internet ArchiveUITests.xctest */ = {isa = PBXFileReference; explicitFileType = wrapper.cfbundle; includeInIndex = 0; path = "Internet ArchiveUITests.xctest"; sourceTree = BUILT_PRODUCTS_DIR; };
		508928117E97EAD89FDE1405 /* Pods-Internet Archive.release.xcconfig */ = {isa = PBXFileReference; includeInIndex = 1; lastKnownFileType = text.xcconfig; name = "Pods-Internet Archive.release.xcconfig"; path = "Target Support Files/Pods-Internet Archive/Pods-Internet Archive.release.xcconfig"; sourceTree = "<group>"; };
		6A1A8F581F04FACC7FC1013E /* Pods-Internet Archive.debug.xcconfig */ = {isa = PBXFileReference; includeInIndex = 1; lastKnownFileType = text.xcconfig; name = "Pods-Internet Archive.debug.xcconfig"; path = "Target Support Files/Pods-Internet Archive/Pods-Internet Archive.debug.xcconfig"; sourceTree = "<group>"; };
		A1789A7600134709E74AA21B /* Pods_Internet_ArchiveUITests.framework */ = {isa = PBXFileReference; explicitFileType = wrapper.framework; includeInIndex = 0; path = Pods_Internet_ArchiveUITests.framework; sourceTree = BUILT_PRODUCTS_DIR; };
		ACF558E0B6CB8477B99F92DB /* Pods_Internet_Archive.framework */ = {isa = PBXFileReference; explicitFileType = wrapper.framework; includeInIndex = 0; path = Pods_Internet_Archive.framework; sourceTree = BUILT_PRODUCTS_DIR; };
		B14660AC6723CAC75EDB331E /* Pods-Internet ArchiveUITests.release.xcconfig */ = {isa = PBXFileReference; includeInIndex = 1; lastKnownFileType = text.xcconfig; name = "Pods-Internet ArchiveUITests.release.xcconfig"; path = "Target Support Files/Pods-Internet ArchiveUITests/Pods-Internet ArchiveUITests.release.xcconfig"; sourceTree = "<group>"; };
		C3260C6620A2287F00C32ACA /* Internet Archive.app */ = {isa = PBXFileReference; explicitFileType = wrapper.application; includeInIndex = 0; path = "Internet Archive.app"; sourceTree = BUILT_PRODUCTS_DIR; };
		D97EE183C57A11AC62165093 /* Pods-Internet ArchiveUITests.debug.xcconfig */ = {isa = PBXFileReference; includeInIndex = 1; lastKnownFileType = text.xcconfig; name = "Pods-Internet ArchiveUITests.debug.xcconfig"; path = "Target Support Files/Pods-Internet ArchiveUITests/Pods-Internet ArchiveUITests.debug.xcconfig"; sourceTree = "<group>"; };
		EAB61CA1208E9048153FC7C2 /* Pods-Internet Archive-Internet ArchiveUITests.debug.xcconfig */ = {isa = PBXFileReference; includeInIndex = 1; lastKnownFileType = text.xcconfig; name = "Pods-Internet Archive-Internet ArchiveUITests.debug.xcconfig"; path = "Target Support Files/Pods-Internet Archive-Internet ArchiveUITests/Pods-Internet Archive-Internet ArchiveUITests.debug.xcconfig"; sourceTree = "<group>"; };
/* End PBXFileReference section */

/* Begin PBXFileSystemSynchronizedBuildFileExceptionSet section */
		48050D322EEC8E08005EF7A6 /* Exceptions for "Internet Archive" folder in "Internet Archive" target */ = {
			isa = PBXFileSystemSynchronizedBuildFileExceptionSet;
			membershipExceptions = (
				Info.plist,
			);
			target = C3260C6520A2287F00C32ACA /* Internet Archive */;
		};
		48AC81DE2ED11B3A004C9F77 /* Exceptions for "Internet ArchiveTests" folder in "Internet ArchiveTests" target */ = {
			isa = PBXFileSystemSynchronizedBuildFileExceptionSet;
			membershipExceptions = (
				Info.plist,
			);
			target = 48AC819A2ED1179F004C9F77 /* Internet ArchiveTests */;
		};
/* End PBXFileSystemSynchronizedBuildFileExceptionSet section */

/* Begin PBXFileSystemSynchronizedRootGroup section */
		48050CE82EEC8E08005EF7A6 /* Internet Archive */ = {
			isa = PBXFileSystemSynchronizedRootGroup;
			exceptions = (
				48050D322EEC8E08005EF7A6 /* Exceptions for "Internet Archive" folder in "Internet Archive" target */,
			);
			path = "Internet Archive";
			sourceTree = "<group>";
		};
		48AC819C2ED1179F004C9F77 /* Internet ArchiveTests */ = {
			isa = PBXFileSystemSynchronizedRootGroup;
			exceptions = (
				48AC81DE2ED11B3A004C9F77 /* Exceptions for "Internet ArchiveTests" folder in "Internet ArchiveTests" target */,
			);
			path = "Internet ArchiveTests";
			sourceTree = "<group>";
		};
		48AC81C72ED1181A004C9F77 /* Internet ArchiveUITests */ = {
			isa = PBXFileSystemSynchronizedRootGroup;
			exceptions = (
			);
			path = "Internet ArchiveUITests";
			sourceTree = "<group>";
		};
/* End PBXFileSystemSynchronizedRootGroup section */

/* Begin PBXFrameworksBuildPhase section */
		48AC81982ED1179F004C9F77 /* Frameworks */ = {
			isa = PBXFrameworksBuildPhase;
			buildActionMask = 2147483647;
			files = (
				BB608F6A2E7F134CAF800A0F /* Pods_Internet_ArchiveTests.framework in Frameworks */,
			);
			runOnlyForDeploymentPostprocessing = 0;
		};
		48AC81C32ED1181A004C9F77 /* Frameworks */ = {
			isa = PBXFrameworksBuildPhase;
			buildActionMask = 2147483647;
			files = (
				2FD27FEB1FC9F69BFEE84841 /* Pods_Internet_ArchiveUITests.framework in Frameworks */,
			);
			runOnlyForDeploymentPostprocessing = 0;
		};
		C3260C6320A2287F00C32ACA /* Frameworks */ = {
			isa = PBXFrameworksBuildPhase;
			buildActionMask = 2147483647;
			files = (
				8EB4EEC2C65BDA268D44DD6B /* Pods_Internet_Archive.framework in Frameworks */,
			);
			runOnlyForDeploymentPostprocessing = 0;
		};
/* End PBXFrameworksBuildPhase section */

/* Begin PBXGroup section */
		07C583477699DFBB924862A3 /* Pods */ = {
			isa = PBXGroup;
			children = (
				6A1A8F581F04FACC7FC1013E /* Pods-Internet Archive.debug.xcconfig */,
				508928117E97EAD89FDE1405 /* Pods-Internet Archive.release.xcconfig */,
				EAB61CA1208E9048153FC7C2 /* Pods-Internet Archive-Internet ArchiveUITests.debug.xcconfig */,
				281514CA691502DFDBF8A81C /* Pods-Internet Archive-Internet ArchiveUITests.release.xcconfig */,
				2ADF52F0E018B6676452E765 /* Pods-Internet ArchiveTests.debug.xcconfig */,
				1B659067B3F48E30893CC3B9 /* Pods-Internet ArchiveTests.release.xcconfig */,
				D97EE183C57A11AC62165093 /* Pods-Internet ArchiveUITests.debug.xcconfig */,
				B14660AC6723CAC75EDB331E /* Pods-Internet ArchiveUITests.release.xcconfig */,
			);
			path = Pods;
			sourceTree = "<group>";
		};
		BED981DE3D6E0327775214EC /* Frameworks */ = {
			isa = PBXGroup;
			children = (
				ACF558E0B6CB8477B99F92DB /* Pods_Internet_Archive.framework */,
				435E5970557BD30BCCF789B6 /* Pods_Internet_ArchiveTests.framework */,
				A1789A7600134709E74AA21B /* Pods_Internet_ArchiveUITests.framework */,
			);
			name = Frameworks;
			sourceTree = "<group>";
		};
		C3260C5D20A2287E00C32ACA = {
			isa = PBXGroup;
			children = (
				48050CE82EEC8E08005EF7A6 /* Internet Archive */,
				48AC819C2ED1179F004C9F77 /* Internet ArchiveTests */,
				48AC81C72ED1181A004C9F77 /* Internet ArchiveUITests */,
				C3260C6720A2287F00C32ACA /* Products */,
				07C583477699DFBB924862A3 /* Pods */,
				BED981DE3D6E0327775214EC /* Frameworks */,
			);
			sourceTree = "<group>";
		};
		C3260C6720A2287F00C32ACA /* Products */ = {
			isa = PBXGroup;
			children = (
				C3260C6620A2287F00C32ACA /* Internet Archive.app */,
				48AC819B2ED1179F004C9F77 /* Internet ArchiveTests.xctest */,
				48AC81C62ED1181A004C9F77 /* Internet ArchiveUITests.xctest */,
			);
			name = Products;
			sourceTree = "<group>";
		};
/* End PBXGroup section */

/* Begin PBXNativeTarget section */
		48AC819A2ED1179F004C9F77 /* Internet ArchiveTests */ = {
			isa = PBXNativeTarget;
			buildConfigurationList = 48AC81A32ED1179F004C9F77 /* Build configuration list for PBXNativeTarget "Internet ArchiveTests" */;
			buildPhases = (
				F6DED952F3F4AF3466FF5CDF /* [CP] Check Pods Manifest.lock */,
				48AC81972ED1179F004C9F77 /* Sources */,
				48AC81982ED1179F004C9F77 /* Frameworks */,
				48AC81992ED1179F004C9F77 /* Resources */,
			);
			buildRules = (
			);
			dependencies = (
				48AC81A02ED1179F004C9F77 /* PBXTargetDependency */,
			);
			fileSystemSynchronizedGroups = (
				48AC819C2ED1179F004C9F77 /* Internet ArchiveTests */,
			);
			name = "Internet ArchiveTests";
			productName = "Internet ArchiveTests";
			productReference = 48AC819B2ED1179F004C9F77 /* Internet ArchiveTests.xctest */;
			productType = "com.apple.product-type.bundle.unit-test";
		};
		48AC81C52ED1181A004C9F77 /* Internet ArchiveUITests */ = {
			isa = PBXNativeTarget;
			buildConfigurationList = 48AC81CE2ED1181A004C9F77 /* Build configuration list for PBXNativeTarget "Internet ArchiveUITests" */;
			buildPhases = (
				1505DB7840B9253EAA3FB5B3 /* [CP] Check Pods Manifest.lock */,
				48AC81C22ED1181A004C9F77 /* Sources */,
				48AC81C32ED1181A004C9F77 /* Frameworks */,
				48AC81C42ED1181A004C9F77 /* Resources */,
			);
			buildRules = (
			);
			dependencies = (
				48AC81CD2ED1181A004C9F77 /* PBXTargetDependency */,
			);
			fileSystemSynchronizedGroups = (
				48AC81C72ED1181A004C9F77 /* Internet ArchiveUITests */,
			);
			name = "Internet ArchiveUITests";
			productName = "Internet ArchiveUITests";
			productReference = 48AC81C62ED1181A004C9F77 /* Internet ArchiveUITests.xctest */;
			productType = "com.apple.product-type.bundle.ui-testing";
		};
		C3260C6520A2287F00C32ACA /* Internet Archive */ = {
			isa = PBXNativeTarget;
			buildConfigurationList = C3260C7520A2287F00C32ACA /* Build configuration list for PBXNativeTarget "Internet Archive" */;
			buildPhases = (
				88B5898C9B1825E01AC9404D /* [CP] Check Pods Manifest.lock */,
				C3260C6220A2287F00C32ACA /* Sources */,
				SWIFTLINT000000000000001 /* SwiftLint */,
				C3260C6320A2287F00C32ACA /* Frameworks */,
				C3260C6420A2287F00C32ACA /* Resources */,
				A2DE131077461053806ECD14 /* [CP] Embed Pods Frameworks */,
			);
			buildRules = (
			);
			dependencies = (
			);
			fileSystemSynchronizedGroups = (
				48050CE82EEC8E08005EF7A6 /* Internet Archive */,
			);
			name = "Internet Archive";
			productName = "Internet Archive";
			productReference = C3260C6620A2287F00C32ACA /* Internet Archive.app */;
			productType = "com.apple.product-type.application";
		};
/* End PBXNativeTarget section */

/* Begin PBXProject section */
		C3260C5E20A2287E00C32ACA /* Project object */ = {
			isa = PBXProject;
			attributes = {
				BuildIndependentTargetsInParallel = YES;
				LastSwiftUpdateCheck = 2610;
				LastUpgradeCheck = 2620;
				ORGANIZATIONNAME = "mac-admin";
				TargetAttributes = {
					48AC819A2ED1179F004C9F77 = {
						CreatedOnToolsVersion = 26.1.1;
						TestTargetID = C3260C6520A2287F00C32ACA;
					};
					48AC81C52ED1181A004C9F77 = {
						CreatedOnToolsVersion = 26.1.1;
						TestTargetID = C3260C6520A2287F00C32ACA;
					};
					C3260C6520A2287F00C32ACA = {
						CreatedOnToolsVersion = 9.2;
						ProvisioningStyle = Automatic;
						SystemCapabilities = {
							com.apple.ApplicationGroups.iOS = {
								enabled = 0;
							};
						};
					};
				};
			};
			buildConfigurationList = C3260C6120A2287E00C32ACA /* Build configuration list for PBXProject "Internet Archive" */;
			developmentRegion = en;
			hasScannedForEncodings = 0;
			knownRegions = (
				en,
				Base,
			);
			mainGroup = C3260C5D20A2287E00C32ACA;
			preferredProjectObjectVersion = 77;
			productRefGroup = C3260C6720A2287F00C32ACA /* Products */;
			projectDirPath = "";
			projectRoot = "";
			targets = (
				C3260C6520A2287F00C32ACA /* Internet Archive */,
				48AC819A2ED1179F004C9F77 /* Internet ArchiveTests */,
				48AC81C52ED1181A004C9F77 /* Internet ArchiveUITests */,
			);
		};
/* End PBXProject section */

/* Begin PBXResourcesBuildPhase section */
		48AC81992ED1179F004C9F77 /* Resources */ = {
			isa = PBXResourcesBuildPhase;
			buildActionMask = 2147483647;
			files = (
			);
			runOnlyForDeploymentPostprocessing = 0;
		};
		48AC81C42ED1181A004C9F77 /* Resources */ = {
			isa = PBXResourcesBuildPhase;
			buildActionMask = 2147483647;
			files = (
			);
			runOnlyForDeploymentPostprocessing = 0;
		};
		C3260C6420A2287F00C32ACA /* Resources */ = {
			isa = PBXResourcesBuildPhase;
			buildActionMask = 2147483647;
			files = (
			);
			runOnlyForDeploymentPostprocessing = 0;
		};
/* End PBXResourcesBuildPhase section */

/* Begin PBXShellScriptBuildPhase section */
		1505DB7840B9253EAA3FB5B3 /* [CP] Check Pods Manifest.lock */ = {
			isa = PBXShellScriptBuildPhase;
			buildActionMask = 2147483647;
			files = (
			);
			inputPaths = (
				"${PODS_PODFILE_DIR_PATH}/Podfile.lock",
				"${PODS_ROOT}/Manifest.lock",
			);
			name = "[CP] Check Pods Manifest.lock";
			outputPaths = (
				"$(DERIVED_FILE_DIR)/Pods-Internet ArchiveUITests-checkManifestLockResult.txt",
			);
			runOnlyForDeploymentPostprocessing = 0;
			shellPath = /bin/sh;
			shellScript = "diff \"${PODS_PODFILE_DIR_PATH}/Podfile.lock\" \"${PODS_ROOT}/Manifest.lock\" > /dev/null\nif [ $? != 0 ] ; then\n    # print error to STDERR\n    echo \"error: The sandbox is not in sync with the Podfile.lock. Run 'pod install' or update your CocoaPods installation.\" >&2\n    exit 1\nfi\n# This output is used by Xcode 'outputs' to avoid re-running this script phase.\necho \"SUCCESS\" > \"${SCRIPT_OUTPUT_FILE_0}\"\n";
			showEnvVarsInLog = 0;
		};
		88B5898C9B1825E01AC9404D /* [CP] Check Pods Manifest.lock */ = {
			isa = PBXShellScriptBuildPhase;
			buildActionMask = 2147483647;
			files = (
			);
			inputPaths = (
				"${PODS_PODFILE_DIR_PATH}/Podfile.lock",
				"${PODS_ROOT}/Manifest.lock",
			);
			name = "[CP] Check Pods Manifest.lock";
			outputPaths = (
				"$(DERIVED_FILE_DIR)/Pods-Internet Archive-checkManifestLockResult.txt",
			);
			runOnlyForDeploymentPostprocessing = 0;
			shellPath = /bin/sh;
			shellScript = "diff \"${PODS_PODFILE_DIR_PATH}/Podfile.lock\" \"${PODS_ROOT}/Manifest.lock\" > /dev/null\nif [ $? != 0 ] ; then\n    # print error to STDERR\n    echo \"error: The sandbox is not in sync with the Podfile.lock. Run 'pod install' or update your CocoaPods installation.\" >&2\n    exit 1\nfi\n# This output is used by Xcode 'outputs' to avoid re-running this script phase.\necho \"SUCCESS\" > \"${SCRIPT_OUTPUT_FILE_0}\"\n";
			showEnvVarsInLog = 0;
		};
		A2DE131077461053806ECD14 /* [CP] Embed Pods Frameworks */ = {
			isa = PBXShellScriptBuildPhase;
			buildActionMask = 2147483647;
			files = (
			);
			inputFileListPaths = (
				"${PODS_ROOT}/Target Support Files/Pods-Internet Archive/Pods-Internet Archive-frameworks-${CONFIGURATION}-input-files.xcfilelist",
			);
			name = "[CP] Embed Pods Frameworks";
			outputFileListPaths = (
				"${PODS_ROOT}/Target Support Files/Pods-Internet Archive/Pods-Internet Archive-frameworks-${CONFIGURATION}-output-files.xcfilelist",
			);
			runOnlyForDeploymentPostprocessing = 0;
			shellPath = /bin/sh;
			shellScript = "\"${PODS_ROOT}/Target Support Files/Pods-Internet Archive/Pods-Internet Archive-frameworks.sh\"\n";
			showEnvVarsInLog = 0;
		};
		F6DED952F3F4AF3466FF5CDF /* [CP] Check Pods Manifest.lock */ = {
			isa = PBXShellScriptBuildPhase;
			buildActionMask = 2147483647;
			files = (
			);
			inputPaths = (
				"${PODS_PODFILE_DIR_PATH}/Podfile.lock",
				"${PODS_ROOT}/Manifest.lock",
			);
			name = "[CP] Check Pods Manifest.lock";
			outputPaths = (
				"$(DERIVED_FILE_DIR)/Pods-Internet ArchiveTests-checkManifestLockResult.txt",
			);
			runOnlyForDeploymentPostprocessing = 0;
			shellPath = /bin/sh;
			shellScript = "diff \"${PODS_PODFILE_DIR_PATH}/Podfile.lock\" \"${PODS_ROOT}/Manifest.lock\" > /dev/null\nif [ $? != 0 ] ; then\n    # print error to STDERR\n    echo \"error: The sandbox is not in sync with the Podfile.lock. Run 'pod install' or update your CocoaPods installation.\" >&2\n    exit 1\nfi\n# This output is used by Xcode 'outputs' to avoid re-running this script phase.\necho \"SUCCESS\" > \"${SCRIPT_OUTPUT_FILE_0}\"\n";
			showEnvVarsInLog = 0;
		};
		SWIFTLINT000000000000001 /* SwiftLint */ = {
			isa = PBXShellScriptBuildPhase;
			alwaysOutOfDate = 1;
			buildActionMask = 2147483647;
			files = (
			);
			inputPaths = (
			);
			name = SwiftLint;
			outputPaths = (
			);
			runOnlyForDeploymentPostprocessing = 0;
			shellPath = /bin/sh;
			shellScript = "# Run SwiftLint if available\nif which swiftlint >/dev/null; then\n  swiftlint\nelif [ -f \"${PODS_ROOT}/SwiftLint/swiftlint\" ]; then\n  \"${PODS_ROOT}/SwiftLint/swiftlint\"\nelse\n  echo \"warning: SwiftLint not installed, download from https://github.com/realm/SwiftLint\"\nfi\n";
		};
/* End PBXShellScriptBuildPhase section */

/* Begin PBXSourcesBuildPhase section */
		48AC81972ED1179F004C9F77 /* Sources */ = {
			isa = PBXSourcesBuildPhase;
			buildActionMask = 2147483647;
			files = (
			);
			runOnlyForDeploymentPostprocessing = 0;
		};
		48AC81C22ED1181A004C9F77 /* Sources */ = {
			isa = PBXSourcesBuildPhase;
			buildActionMask = 2147483647;
			files = (
			);
			runOnlyForDeploymentPostprocessing = 0;
		};
		C3260C6220A2287F00C32ACA /* Sources */ = {
			isa = PBXSourcesBuildPhase;
			buildActionMask = 2147483647;
			files = (
			);
			runOnlyForDeploymentPostprocessing = 0;
		};
/* End PBXSourcesBuildPhase section */

/* Begin PBXTargetDependency section */
		48AC81A02ED1179F004C9F77 /* PBXTargetDependency */ = {
			isa = PBXTargetDependency;
			target = C3260C6520A2287F00C32ACA /* Internet Archive */;
			targetProxy = 48AC819F2ED1179F004C9F77 /* PBXContainerItemProxy */;
		};
		48AC81CD2ED1181A004C9F77 /* PBXTargetDependency */ = {
			isa = PBXTargetDependency;
			target = C3260C6520A2287F00C32ACA /* Internet Archive */;
			targetProxy = 48AC81CC2ED1181A004C9F77 /* PBXContainerItemProxy */;
		};
/* End PBXTargetDependency section */

/* Begin XCBuildConfiguration section */
		48AC81A12ED1179F004C9F77 /* Debug */ = {
			isa = XCBuildConfiguration;
			baseConfigurationReference = 2ADF52F0E018B6676452E765 /* Pods-Internet ArchiveTests.debug.xcconfig */;
			buildSettings = {
				ASSETCATALOG_COMPILER_GENERATE_SWIFT_ASSET_SYMBOL_EXTENSIONS = YES;
				BUNDLE_LOADER = "$(TEST_HOST)";
				CLANG_CXX_LANGUAGE_STANDARD = "gnu++20";
				CLANG_ENABLE_OBJC_WEAK = YES;
				CLANG_WARN_DEPRECATED_OBJC_IMPLEMENTATIONS = YES;
				CLANG_WARN_OBJC_IMPLICIT_RETAIN_SELF = YES;
				CLANG_WARN_QUOTED_INCLUDE_IN_FRAMEWORK_HEADER = "$(inherited)";
				CODE_SIGN_STYLE = Automatic;
				CURRENT_PROJECT_VERSION = 1;
				ENABLE_USER_SCRIPT_SANDBOXING = YES;
				FRAMEWORK_SEARCH_PATHS = (
					"$(inherited)",
					"${PODS_CONFIGURATION_BUILD_DIR}/Alamofire",
					"${PODS_CONFIGURATION_BUILD_DIR}/AlamofireImage",
					"${PODS_CONFIGURATION_BUILD_DIR}/MBProgressHUD",
					"${PODS_CONFIGURATION_BUILD_DIR}/SVProgressHUD",
					"${PODS_CONFIGURATION_BUILD_DIR}/TvOSMoreButton",
					"${PODS_CONFIGURATION_BUILD_DIR}/TvOSTextViewer",
				);
				GCC_C_LANGUAGE_STANDARD = gnu17;
				GENERATE_INFOPLIST_FILE = YES;
				LOCALIZATION_PREFERS_STRING_CATALOGS = YES;
				MACOSX_DEPLOYMENT_TARGET = 11.5;
				MARKETING_VERSION = 1.0;
				MTL_ENABLE_DEBUG_INFO = INCLUDE_SOURCE;
				MTL_FAST_MATH = YES;
				PRODUCT_BUNDLE_IDENTIFIER = "rlorenzo.Internet-ArchiveTests";
				PRODUCT_NAME = "$(TARGET_NAME)";
				STRING_CATALOG_GENERATE_SYMBOLS = NO;
				SWIFT_ACTIVE_COMPILATION_CONDITIONS = "DEBUG $(inherited)";
				SWIFT_APPROACHABLE_CONCURRENCY = YES;
				SWIFT_EMIT_LOC_STRINGS = NO;
				SWIFT_UPCOMING_FEATURE_MEMBER_IMPORT_VISIBILITY = YES;
				SWIFT_VERSION = 6.0;
				TARGETED_DEVICE_FAMILY = 3;
				TEST_HOST = "$(BUILT_PRODUCTS_DIR)/Internet Archive.app/$(BUNDLE_EXECUTABLE_FOLDER_PATH)/Internet Archive";
				TVOS_DEPLOYMENT_TARGET = 17.0;
			};
			name = Debug;
		};
		48AC81A22ED1179F004C9F77 /* Release */ = {
			isa = XCBuildConfiguration;
			baseConfigurationReference = 1B659067B3F48E30893CC3B9 /* Pods-Internet ArchiveTests.release.xcconfig */;
			buildSettings = {
				ASSETCATALOG_COMPILER_GENERATE_SWIFT_ASSET_SYMBOL_EXTENSIONS = YES;
				BUNDLE_LOADER = "$(TEST_HOST)";
				CLANG_CXX_LANGUAGE_STANDARD = "gnu++20";
				CLANG_ENABLE_OBJC_WEAK = YES;
				CLANG_WARN_DEPRECATED_OBJC_IMPLEMENTATIONS = YES;
				CLANG_WARN_OBJC_IMPLICIT_RETAIN_SELF = YES;
				CLANG_WARN_QUOTED_INCLUDE_IN_FRAMEWORK_HEADER = "$(inherited)";
				CODE_SIGN_STYLE = Automatic;
				CURRENT_PROJECT_VERSION = 1;
				ENABLE_USER_SCRIPT_SANDBOXING = YES;
				FRAMEWORK_SEARCH_PATHS = (
					"$(inherited)",
					"${PODS_CONFIGURATION_BUILD_DIR}/Alamofire",
					"${PODS_CONFIGURATION_BUILD_DIR}/AlamofireImage",
					"${PODS_CONFIGURATION_BUILD_DIR}/MBProgressHUD",
					"${PODS_CONFIGURATION_BUILD_DIR}/SVProgressHUD",
					"${PODS_CONFIGURATION_BUILD_DIR}/TvOSMoreButton",
					"${PODS_CONFIGURATION_BUILD_DIR}/TvOSTextViewer",
				);
				GCC_C_LANGUAGE_STANDARD = gnu17;
				GENERATE_INFOPLIST_FILE = YES;
				LOCALIZATION_PREFERS_STRING_CATALOGS = YES;
				MACOSX_DEPLOYMENT_TARGET = 11.5;
				MARKETING_VERSION = 1.0;
				MTL_FAST_MATH = YES;
				PRODUCT_BUNDLE_IDENTIFIER = "rlorenzo.Internet-ArchiveTests";
				PRODUCT_NAME = "$(TARGET_NAME)";
				STRING_CATALOG_GENERATE_SYMBOLS = NO;
				SWIFT_APPROACHABLE_CONCURRENCY = YES;
				SWIFT_EMIT_LOC_STRINGS = NO;
				SWIFT_UPCOMING_FEATURE_MEMBER_IMPORT_VISIBILITY = YES;
				SWIFT_VERSION = 6.0;
				TARGETED_DEVICE_FAMILY = 3;
				TEST_HOST = "$(BUILT_PRODUCTS_DIR)/Internet Archive.app/$(BUNDLE_EXECUTABLE_FOLDER_PATH)/Internet Archive";
				TVOS_DEPLOYMENT_TARGET = 17.0;
			};
			name = Release;
		};
		48AC81CF2ED1181A004C9F77 /* Debug */ = {
			isa = XCBuildConfiguration;
			baseConfigurationReference = D97EE183C57A11AC62165093 /* Pods-Internet ArchiveUITests.debug.xcconfig */;
			buildSettings = {
				ASSETCATALOG_COMPILER_GENERATE_SWIFT_ASSET_SYMBOL_EXTENSIONS = YES;
				CLANG_CXX_LANGUAGE_STANDARD = "gnu++20";
				CLANG_ENABLE_OBJC_WEAK = YES;
				CLANG_WARN_DEPRECATED_OBJC_IMPLEMENTATIONS = YES;
				CLANG_WARN_OBJC_IMPLICIT_RETAIN_SELF = YES;
				CLANG_WARN_QUOTED_INCLUDE_IN_FRAMEWORK_HEADER = "$(inherited)";
				CODE_SIGN_STYLE = Automatic;
				CURRENT_PROJECT_VERSION = 1;
				ENABLE_USER_SCRIPT_SANDBOXING = YES;
				FRAMEWORK_SEARCH_PATHS = (
					"$(inherited)",
					"${PODS_CONFIGURATION_BUILD_DIR}/Alamofire",
					"${PODS_CONFIGURATION_BUILD_DIR}/AlamofireImage",
					"${PODS_CONFIGURATION_BUILD_DIR}/MBProgressHUD",
					"${PODS_CONFIGURATION_BUILD_DIR}/SVProgressHUD",
					"${PODS_CONFIGURATION_BUILD_DIR}/TvOSMoreButton",
					"${PODS_CONFIGURATION_BUILD_DIR}/TvOSTextViewer",
				);
				GCC_C_LANGUAGE_STANDARD = gnu17;
				GENERATE_INFOPLIST_FILE = YES;
				LOCALIZATION_PREFERS_STRING_CATALOGS = YES;
				MACOSX_DEPLOYMENT_TARGET = 11.5;
				MARKETING_VERSION = 1.0;
				MTL_ENABLE_DEBUG_INFO = INCLUDE_SOURCE;
				MTL_FAST_MATH = YES;
				PRODUCT_BUNDLE_IDENTIFIER = "rlorenzo.Internet-ArchiveUITests";
				PRODUCT_NAME = "$(TARGET_NAME)";
				STRING_CATALOG_GENERATE_SYMBOLS = NO;
				SWIFT_ACTIVE_COMPILATION_CONDITIONS = "DEBUG $(inherited)";
				SWIFT_APPROACHABLE_CONCURRENCY = YES;
				SWIFT_EMIT_LOC_STRINGS = NO;
				SWIFT_STRICT_CONCURRENCY = minimal;
				SWIFT_UPCOMING_FEATURE_MEMBER_IMPORT_VISIBILITY = YES;
				SWIFT_VERSION = 6.0;
				TARGETED_DEVICE_FAMILY = 3;
				TEST_TARGET_NAME = "Internet Archive";
				TVOS_DEPLOYMENT_TARGET = 17.0;
			};
			name = Debug;
		};
		48AC81D02ED1181A004C9F77 /* Release */ = {
			isa = XCBuildConfiguration;
			baseConfigurationReference = B14660AC6723CAC75EDB331E /* Pods-Internet ArchiveUITests.release.xcconfig */;
			buildSettings = {
				ASSETCATALOG_COMPILER_GENERATE_SWIFT_ASSET_SYMBOL_EXTENSIONS = YES;
				CLANG_CXX_LANGUAGE_STANDARD = "gnu++20";
				CLANG_ENABLE_OBJC_WEAK = YES;
				CLANG_WARN_DEPRECATED_OBJC_IMPLEMENTATIONS = YES;
				CLANG_WARN_OBJC_IMPLICIT_RETAIN_SELF = YES;
				CLANG_WARN_QUOTED_INCLUDE_IN_FRAMEWORK_HEADER = "$(inherited)";
				CODE_SIGN_STYLE = Automatic;
				CURRENT_PROJECT_VERSION = 1;
				ENABLE_USER_SCRIPT_SANDBOXING = YES;
				FRAMEWORK_SEARCH_PATHS = (
					"$(inherited)",
					"${PODS_CONFIGURATION_BUILD_DIR}/Alamofire",
					"${PODS_CONFIGURATION_BUILD_DIR}/AlamofireImage",
					"${PODS_CONFIGURATION_BUILD_DIR}/MBProgressHUD",
					"${PODS_CONFIGURATION_BUILD_DIR}/SVProgressHUD",
					"${PODS_CONFIGURATION_BUILD_DIR}/TvOSMoreButton",
					"${PODS_CONFIGURATION_BUILD_DIR}/TvOSTextViewer",
				);
				GCC_C_LANGUAGE_STANDARD = gnu17;
				GENERATE_INFOPLIST_FILE = YES;
				LOCALIZATION_PREFERS_STRING_CATALOGS = YES;
				MACOSX_DEPLOYMENT_TARGET = 11.5;
				MARKETING_VERSION = 1.0;
				MTL_FAST_MATH = YES;
				PRODUCT_BUNDLE_IDENTIFIER = "rlorenzo.Internet-ArchiveUITests";
				PRODUCT_NAME = "$(TARGET_NAME)";
				STRING_CATALOG_GENERATE_SYMBOLS = NO;
				SWIFT_APPROACHABLE_CONCURRENCY = YES;
				SWIFT_EMIT_LOC_STRINGS = NO;
				SWIFT_STRICT_CONCURRENCY = minimal;
				SWIFT_UPCOMING_FEATURE_MEMBER_IMPORT_VISIBILITY = YES;
				SWIFT_VERSION = 6.0;
				TARGETED_DEVICE_FAMILY = 3;
				TEST_TARGET_NAME = "Internet Archive";
				TVOS_DEPLOYMENT_TARGET = 17.0;
			};
			name = Release;
		};
		C3260C7320A2287F00C32ACA /* Debug */ = {
			isa = XCBuildConfiguration;
			buildSettings = {
				ALWAYS_SEARCH_USER_PATHS = NO;
				ASSETCATALOG_COMPILER_GENERATE_SWIFT_ASSET_SYMBOL_EXTENSIONS = YES;
				CLANG_ANALYZER_NONNULL = YES;
				CLANG_ANALYZER_NUMBER_OBJECT_CONVERSION = YES_AGGRESSIVE;
				CLANG_CXX_LANGUAGE_STANDARD = "gnu++14";
				CLANG_CXX_LIBRARY = "libc++";
				CLANG_ENABLE_MODULES = YES;
				CLANG_ENABLE_OBJC_ARC = YES;
				CLANG_WARN_BLOCK_CAPTURE_AUTORELEASING = YES;
				CLANG_WARN_BOOL_CONVERSION = YES;
				CLANG_WARN_COMMA = YES;
				CLANG_WARN_CONSTANT_CONVERSION = YES;
				CLANG_WARN_DEPRECATED_OBJC_IMPLEMENTATIONS = YES;
				CLANG_WARN_DIRECT_OBJC_ISA_USAGE = YES_ERROR;
				CLANG_WARN_DOCUMENTATION_COMMENTS = YES;
				CLANG_WARN_EMPTY_BODY = YES;
				CLANG_WARN_ENUM_CONVERSION = YES;
				CLANG_WARN_INFINITE_RECURSION = YES;
				CLANG_WARN_INT_CONVERSION = YES;
				CLANG_WARN_NON_LITERAL_NULL_CONVERSION = YES;
				CLANG_WARN_OBJC_IMPLICIT_RETAIN_SELF = YES;
				CLANG_WARN_OBJC_LITERAL_CONVERSION = YES;
				CLANG_WARN_OBJC_ROOT_CLASS = YES_ERROR;
				CLANG_WARN_QUOTED_INCLUDE_IN_FRAMEWORK_HEADER = YES;
				CLANG_WARN_RANGE_LOOP_ANALYSIS = YES;
				CLANG_WARN_STRICT_PROTOTYPES = YES;
				CLANG_WARN_SUSPICIOUS_MOVE = YES;
				CLANG_WARN_UNGUARDED_AVAILABILITY = YES_AGGRESSIVE;
				CLANG_WARN_UNREACHABLE_CODE = YES;
				CLANG_WARN__DUPLICATE_METHOD_MATCH = YES;
				COPY_PHASE_STRIP = NO;
				DEBUG_INFORMATION_FORMAT = dwarf;
				ENABLE_STRICT_OBJC_MSGSEND = YES;
				ENABLE_TESTABILITY = YES;
				GCC_C_LANGUAGE_STANDARD = gnu11;
				GCC_DYNAMIC_NO_PIC = NO;
				GCC_NO_COMMON_BLOCKS = YES;
				GCC_OPTIMIZATION_LEVEL = 0;
				GCC_PREPROCESSOR_DEFINITIONS = (
					"DEBUG=1",
					"$(inherited)",
				);
				GCC_WARN_64_TO_32_BIT_CONVERSION = YES;
				GCC_WARN_ABOUT_RETURN_TYPE = YES_ERROR;
				GCC_WARN_UNDECLARED_SELECTOR = YES;
				GCC_WARN_UNINITIALIZED_AUTOS = YES_AGGRESSIVE;
				GCC_WARN_UNUSED_FUNCTION = YES;
				GCC_WARN_UNUSED_VARIABLE = YES;
				MTL_ENABLE_DEBUG_INFO = YES;
				ONLY_ACTIVE_ARCH = YES;
				SDKROOT = appletvos;
				STRING_CATALOG_GENERATE_SYMBOLS = YES;
				SWIFT_ACTIVE_COMPILATION_CONDITIONS = DEBUG;
				SWIFT_OPTIMIZATION_LEVEL = "-Onone";
				TVOS_DEPLOYMENT_TARGET = 17.0;
			};
			name = Debug;
		};
		C3260C7420A2287F00C32ACA /* Release */ = {
			isa = XCBuildConfiguration;
			buildSettings = {
				ALWAYS_SEARCH_USER_PATHS = NO;
				ASSETCATALOG_COMPILER_GENERATE_SWIFT_ASSET_SYMBOL_EXTENSIONS = YES;
				CLANG_ANALYZER_NONNULL = YES;
				CLANG_ANALYZER_NUMBER_OBJECT_CONVERSION = YES_AGGRESSIVE;
				CLANG_CXX_LANGUAGE_STANDARD = "gnu++14";
				CLANG_CXX_LIBRARY = "libc++";
				CLANG_ENABLE_MODULES = YES;
				CLANG_ENABLE_OBJC_ARC = YES;
				CLANG_WARN_BLOCK_CAPTURE_AUTORELEASING = YES;
				CLANG_WARN_BOOL_CONVERSION = YES;
				CLANG_WARN_COMMA = YES;
				CLANG_WARN_CONSTANT_CONVERSION = YES;
				CLANG_WARN_DEPRECATED_OBJC_IMPLEMENTATIONS = YES;
				CLANG_WARN_DIRECT_OBJC_ISA_USAGE = YES_ERROR;
				CLANG_WARN_DOCUMENTATION_COMMENTS = YES;
				CLANG_WARN_EMPTY_BODY = YES;
				CLANG_WARN_ENUM_CONVERSION = YES;
				CLANG_WARN_INFINITE_RECURSION = YES;
				CLANG_WARN_INT_CONVERSION = YES;
				CLANG_WARN_NON_LITERAL_NULL_CONVERSION = YES;
				CLANG_WARN_OBJC_IMPLICIT_RETAIN_SELF = YES;
				CLANG_WARN_OBJC_LITERAL_CONVERSION = YES;
				CLANG_WARN_OBJC_ROOT_CLASS = YES_ERROR;
				CLANG_WARN_QUOTED_INCLUDE_IN_FRAMEWORK_HEADER = YES;
				CLANG_WARN_RANGE_LOOP_ANALYSIS = YES;
				CLANG_WARN_STRICT_PROTOTYPES = YES;
				CLANG_WARN_SUSPICIOUS_MOVE = YES;
				CLANG_WARN_UNGUARDED_AVAILABILITY = YES_AGGRESSIVE;
				CLANG_WARN_UNREACHABLE_CODE = YES;
				CLANG_WARN__DUPLICATE_METHOD_MATCH = YES;
				COPY_PHASE_STRIP = NO;
				DEBUG_INFORMATION_FORMAT = "dwarf-with-dsym";
				ENABLE_NS_ASSERTIONS = NO;
				ENABLE_STRICT_OBJC_MSGSEND = YES;
				GCC_C_LANGUAGE_STANDARD = gnu11;
				GCC_NO_COMMON_BLOCKS = YES;
				GCC_WARN_64_TO_32_BIT_CONVERSION = YES;
				GCC_WARN_ABOUT_RETURN_TYPE = YES_ERROR;
				GCC_WARN_UNDECLARED_SELECTOR = YES;
				GCC_WARN_UNINITIALIZED_AUTOS = YES_AGGRESSIVE;
				GCC_WARN_UNUSED_FUNCTION = YES;
				GCC_WARN_UNUSED_VARIABLE = YES;
				MTL_ENABLE_DEBUG_INFO = NO;
				SDKROOT = appletvos;
				STRING_CATALOG_GENERATE_SYMBOLS = YES;
				SWIFT_COMPILATION_MODE = wholemodule;
				SWIFT_OPTIMIZATION_LEVEL = "-O";
				TVOS_DEPLOYMENT_TARGET = 17.0;
				VALIDATE_PRODUCT = YES;
			};
			name = Release;
		};
		C3260C7620A2287F00C32ACA /* Debug */ = {
			isa = XCBuildConfiguration;
			baseConfigurationReference = 6A1A8F581F04FACC7FC1013E /* Pods-Internet Archive.debug.xcconfig */;
			buildSettings = {
				ASSETCATALOG_COMPILER_APPICON_NAME = "App Icon & Top Shelf Image";
				ASSETCATALOG_COMPILER_LAUNCHIMAGE_NAME = LaunchImage;
				CODE_SIGN_STYLE = Automatic;
				DEVELOPMENT_TEAM = "";
				INFOPLIST_FILE = "Internet Archive/Info.plist";
				LD_RUNPATH_SEARCH_PATHS = (
					"$(inherited)",
					"@executable_path/Frameworks",
				);
				PRODUCT_BUNDLE_IDENTIFIER = archivetv;
				PRODUCT_NAME = "$(TARGET_NAME)";
				SWIFT_OBJC_BRIDGING_HEADER = "Internet Archive/Internet Archive-Bridging-Header.h";
				SWIFT_STRICT_CONCURRENCY = complete;
				SWIFT_VERSION = 6.0;
				TARGETED_DEVICE_FAMILY = 3;
				TVOS_DEPLOYMENT_TARGET = 17.0;
			};
			name = Debug;
		};
		C3260C7720A2287F00C32ACA /* Release */ = {
			isa = XCBuildConfiguration;
			baseConfigurationReference = 508928117E97EAD89FDE1405 /* Pods-Internet Archive.release.xcconfig */;
			buildSettings = {
				ASSETCATALOG_COMPILER_APPICON_NAME = "App Icon & Top Shelf Image";
				ASSETCATALOG_COMPILER_LAUNCHIMAGE_NAME = LaunchImage;
				CODE_SIGN_STYLE = Automatic;
				DEVELOPMENT_TEAM = "";
				INFOPLIST_FILE = "Internet Archive/Info.plist";
				LD_RUNPATH_SEARCH_PATHS = (
					"$(inherited)",
					"@executable_path/Frameworks",
				);
				PRODUCT_BUNDLE_IDENTIFIER = archivetv;
				PRODUCT_NAME = "$(TARGET_NAME)";
				SWIFT_OBJC_BRIDGING_HEADER = "Internet Archive/Internet Archive-Bridging-Header.h";
				SWIFT_STRICT_CONCURRENCY = complete;
				SWIFT_VERSION = 6.0;
				TARGETED_DEVICE_FAMILY = 3;
				TVOS_DEPLOYMENT_TARGET = 17.0;
			};
			name = Release;
		};
/* End XCBuildConfiguration section */

/* Begin XCConfigurationList section */
		48AC81A32ED1179F004C9F77 /* Build configuration list for PBXNativeTarget "Internet ArchiveTests" */ = {
			isa = XCConfigurationList;
			buildConfigurations = (
				48AC81A12ED1179F004C9F77 /* Debug */,
				48AC81A22ED1179F004C9F77 /* Release */,
			);
			defaultConfigurationIsVisible = 0;
			defaultConfigurationName = Release;
		};
		48AC81CE2ED1181A004C9F77 /* Build configuration list for PBXNativeTarget "Internet ArchiveUITests" */ = {
			isa = XCConfigurationList;
			buildConfigurations = (
				48AC81CF2ED1181A004C9F77 /* Debug */,
				48AC81D02ED1181A004C9F77 /* Release */,
			);
			defaultConfigurationIsVisible = 0;
			defaultConfigurationName = Release;
		};
		C3260C6120A2287E00C32ACA /* Build configuration list for PBXProject "Internet Archive" */ = {
			isa = XCConfigurationList;
			buildConfigurations = (
				C3260C7320A2287F00C32ACA /* Debug */,
				C3260C7420A2287F00C32ACA /* Release */,
			);
			defaultConfigurationIsVisible = 0;
			defaultConfigurationName = Release;
		};
		C3260C7520A2287F00C32ACA /* Build configuration list for PBXNativeTarget "Internet Archive" */ = {
			isa = XCConfigurationList;
			buildConfigurations = (
				C3260C7620A2287F00C32ACA /* Debug */,
				C3260C7720A2287F00C32ACA /* Release */,
			);
			defaultConfigurationIsVisible = 0;
			defaultConfigurationName = Release;
		};
/* End XCConfigurationList section */
	};
	rootObject = C3260C5E20A2287E00C32ACA /* Project object */;
}
