// !$*UTF8*$!
{
	archiveVersion = 1;
	classes = {
	};
	objectVersion = 77;
	objects = {

/* Begin PBXBuildFile section */
		48B242C72F0DE75A00A59F96 /* Alamofire in Frameworks */ = {isa = PBXBuildFile; productRef = SPM00001 /* Alamofire */; };
		48B242C82F0DE75A00A59F96 /* AlamofireImage in Frameworks */ = {isa = PBXBuildFile; productRef = SPM00002 /* AlamofireImage */; };
		48B242C92F0DE75A00A59F96 /* SVProgressHUD in Frameworks */ = {isa = PBXBuildFile; productRef = SPM00003 /* SVProgressHUD */; };
		48B242CA2F0DE75A00A59F96 /* MBProgressHUD in Frameworks */ = {isa = PBXBuildFile; productRef = SPM00004 /* MBProgressHUD */; };
		48B242CB2F0DE75A00A59F96 /* SwiftSoup in Frameworks */ = {isa = PBXBuildFile; productRef = SPM00005 /* SwiftSoup */; };
		48B242CC2F0DE75A00A59F96 /* TvOSMoreButton in Frameworks */ = {isa = PBXBuildFile; productRef = SPM00006 /* TvOSMoreButton */; };
		48B242CD2F0DE75A00A59F96 /* TvOSTextViewer in Frameworks */ = {isa = PBXBuildFile; productRef = SPM00007 /* TvOSTextViewer */; };
		48B242CE2F0DE75A00A59F96 /* Alamofire in Frameworks */ = {isa = PBXBuildFile; productRef = SPM00008 /* Alamofire */; };
/* End PBXBuildFile section */

/* Begin PBXContainerItemProxy section */
		48AC819F2ED1179F004C9F77 /* PBXContainerItemProxy */ = {
			isa = PBXContainerItemProxy;
			containerPortal = C3260C5E20A2287E00C32ACA /* Project object */;
			proxyType = 1;
			remoteGlobalIDString = C3260C6520A2287F00C32ACA;
			remoteInfo = "Internet Archive";
		};
		48AC81CC2ED1181A004C9F77 /* PBXContainerItemProxy */ = {
			isa = PBXContainerItemProxy;
			containerPortal = C3260C5E20A2287E00C32ACA /* Project object */;
			proxyType = 1;
			remoteGlobalIDString = C3260C6520A2287F00C32ACA;
			remoteInfo = "Internet Archive";
		};
/* End PBXContainerItemProxy section */

/* Begin PBXFileReference section */
		48AC819B2ED1179F004C9F77 /* Internet ArchiveTests.xctest */ = {isa = PBXFileReference; explicitFileType = wrapper.cfbundle; includeInIndex = 0; path = "Internet ArchiveTests.xctest"; sourceTree = BUILT_PRODUCTS_DIR; };
		48AC81C62ED1181A004C9F77 /* Internet ArchiveUITests.xctest */ = {isa = PBXFileReference; explicitFileType = wrapper.cfbundle; includeInIndex = 0; path = "Internet ArchiveUITests.xctest"; sourceTree = BUILT_PRODUCTS_DIR; };
		C3260C6620A2287F00C32ACA /* Internet Archive.app */ = {isa = PBXFileReference; explicitFileType = wrapper.application; includeInIndex = 0; path = "Internet Archive.app"; sourceTree = BUILT_PRODUCTS_DIR; };
/* End PBXFileReference section */

/* Begin PBXFileSystemSynchronizedBuildFileExceptionSet section */
		48050D322EEC8E08005EF7A6 /* Exceptions for "Internet Archive" folder in "Internet Archive" target */ = {
			isa = PBXFileSystemSynchronizedBuildFileExceptionSet;
			membershipExceptions = (
				Info.plist,
			);
			target = C3260C6520A2287F00C32ACA /* Internet Archive */;
		};
		48AC81DE2ED11B3A004C9F77 /* Exceptions for "Internet ArchiveTests" folder in "Internet ArchiveTests" target */ = {
			isa = PBXFileSystemSynchronizedBuildFileExceptionSet;
			membershipExceptions = (
				Info.plist,
			);
			target = 48AC819A2ED1179F004C9F77 /* Internet ArchiveTests */;
		};
/* End PBXFileSystemSynchronizedBuildFileExceptionSet section */

/* Begin PBXFileSystemSynchronizedRootGroup section */
		48050CE82EEC8E08005EF7A6 /* Internet Archive */ = {
			isa = PBXFileSystemSynchronizedRootGroup;
			exceptions = (
				48050D322EEC8E08005EF7A6 /* Exceptions for "Internet Archive" folder in "Internet Archive" target */,
			);
			path = "Internet Archive";
			sourceTree = "<group>";
		};
		48AC819C2ED1179F004C9F77 /* Internet ArchiveTests */ = {
			isa = PBXFileSystemSynchronizedRootGroup;
			exceptions = (
				48AC81DE2ED11B3A004C9F77 /* Exceptions for "Internet ArchiveTests" folder in "Internet ArchiveTests" target */,
			);
			path = "Internet ArchiveTests";
			sourceTree = "<group>";
		};
		48AC81C72ED1181A004C9F77 /* Internet ArchiveUITests */ = {
			isa = PBXFileSystemSynchronizedRootGroup;
			path = "Internet ArchiveUITests";
			sourceTree = "<group>";
		};
/* End PBXFileSystemSynchronizedRootGroup section */

/* Begin PBXFrameworksBuildPhase section */
		48AC81982ED1179F004C9F77 /* Frameworks */ = {
			isa = PBXFrameworksBuildPhase;
			buildActionMask = 2147483647;
			files = (
				48B242CE2F0DE75A00A59F96 /* Alamofire in Frameworks */,
			);
			runOnlyForDeploymentPostprocessing = 0;
		};
		48AC81C32ED1181A004C9F77 /* Frameworks */ = {
			isa = PBXFrameworksBuildPhase;
			buildActionMask = 2147483647;
			files = (
			);
			runOnlyForDeploymentPostprocessing = 0;
		};
		C3260C6320A2287F00C32ACA /* Frameworks */ = {
			isa = PBXFrameworksBuildPhase;
			buildActionMask = 2147483647;
			files = (
				48B242CD2F0DE75A00A59F96 /* TvOSTextViewer in Frameworks */,
				48B242CC2F0DE75A00A59F96 /* TvOSMoreButton in Frameworks */,
				48B242CB2F0DE75A00A59F96 /* SwiftSoup in Frameworks */,
				48B242CA2F0DE75A00A59F96 /* MBProgressHUD in Frameworks */,
				48B242C92F0DE75A00A59F96 /* SVProgressHUD in Frameworks */,
				48B242C82F0DE75A00A59F96 /* AlamofireImage in Frameworks */,
				48B242C72F0DE75A00A59F96 /* Alamofire in Frameworks */,
			);
			runOnlyForDeploymentPostprocessing = 0;
		};
/* End PBXFrameworksBuildPhase section */

/* Begin PBXGroup section */
		C3260C5D20A2287E00C32ACA = {
			isa = PBXGroup;
			children = (
				48050CE82EEC8E08005EF7A6 /* Internet Archive */,
				48AC819C2ED1179F004C9F77 /* Internet ArchiveTests */,
				48AC81C72ED1181A004C9F77 /* Internet ArchiveUITests */,
				C3260C6720A2287F00C32ACA /* Products */,
			);
			sourceTree = "<group>";
		};
		C3260C6720A2287F00C32ACA /* Products */ = {
			isa = PBXGroup;
			children = (
				C3260C6620A2287F00C32ACA /* Internet Archive.app */,
				48AC819B2ED1179F004C9F77 /* Internet ArchiveTests.xctest */,
				48AC81C62ED1181A004C9F77 /* Internet ArchiveUITests.xctest */,
			);
			name = Products;
			sourceTree = "<group>";
		};
/* End PBXGroup section */

/* Begin PBXNativeTarget section */
		48AC819A2ED1179F004C9F77 /* Internet ArchiveTests */ = {
			isa = PBXNativeTarget;
			buildConfigurationList = 48AC81A32ED1179F004C9F77 /* Build configuration list for PBXNativeTarget "Internet ArchiveTests" */;
			buildPhases = (
				48AC81972ED1179F004C9F77 /* Sources */,
				48AC81982ED1179F004C9F77 /* Frameworks */,
				48AC81992ED1179F004C9F77 /* Resources */,
			);
			buildRules = (
			);
			dependencies = (
				48AC81A02ED1179F004C9F77 /* PBXTargetDependency */,
			);
			fileSystemSynchronizedGroups = (
				48AC819C2ED1179F004C9F77 /* Internet ArchiveTests */,
			);
			name = "Internet ArchiveTests";
			packageProductDependencies = (
				SPM00008 /* Alamofire */,
			);
			productName = "Internet ArchiveTests";
			productReference = 48AC819B2ED1179F004C9F77 /* Internet ArchiveTests.xctest */;
			productType = "com.apple.product-type.bundle.unit-test";
		};
		48AC81C52ED1181A004C9F77 /* Internet ArchiveUITests */ = {
			isa = PBXNativeTarget;
			buildConfigurationList = 48AC81CE2ED1181A004C9F77 /* Build configuration list for PBXNativeTarget "Internet ArchiveUITests" */;
			buildPhases = (
				48AC81C22ED1181A004C9F77 /* Sources */,
				48AC81C32ED1181A004C9F77 /* Frameworks */,
				48AC81C42ED1181A004C9F77 /* Resources */,
			);
			buildRules = (
			);
			dependencies = (
				48AC81CD2ED1181A004C9F77 /* PBXTargetDependency */,
			);
			fileSystemSynchronizedGroups = (
				48AC81C72ED1181A004C9F77 /* Internet ArchiveUITests */,
			);
			name = "Internet ArchiveUITests";
			productName = "Internet ArchiveUITests";
			productReference = 48AC81C62ED1181A004C9F77 /* Internet ArchiveUITests.xctest */;
			productType = "com.apple.product-type.bundle.ui-testing";
		};
		C3260C6520A2287F00C32ACA /* Internet Archive */ = {
			isa = PBXNativeTarget;
			buildConfigurationList = C3260C7520A2287F00C32ACA /* Build configuration list for PBXNativeTarget "Internet Archive" */;
			buildPhases = (
				C3260C6220A2287F00C32ACA /* Sources */,
				SWIFTLINT000000000000001 /* SwiftLint */,
				C3260C6320A2287F00C32ACA /* Frameworks */,
				C3260C6420A2287F00C32ACA /* Resources */,
			);
			buildRules = (
			);
			dependencies = (
			);
			fileSystemSynchronizedGroups = (
				48050CE82EEC8E08005EF7A6 /* Internet Archive */,
			);
			name = "Internet Archive";
			packageProductDependencies = (
				SPM00001 /* Alamofire */,
				SPM00002 /* AlamofireImage */,
				SPM00003 /* SVProgressHUD */,
				SPM00004 /* MBProgressHUD */,
				SPM00005 /* SwiftSoup */,
				SPM00006 /* TvOSMoreButton */,
				SPM00007 /* TvOSTextViewer */,
			);
			productName = "Internet Archive";
			productReference = C3260C6620A2287F00C32ACA /* Internet Archive.app */;
			productType = "com.apple.product-type.application";
		};
/* End PBXNativeTarget section */

/* Begin PBXProject section */
		C3260C5E20A2287E00C32ACA /* Project object */ = {
			isa = PBXProject;
			attributes = {
				BuildIndependentTargetsInParallel = YES;
				LastSwiftUpdateCheck = 2610;
				LastUpgradeCheck = 2620;
				ORGANIZATIONNAME = "mac-admin";
				TargetAttributes = {
					48AC819A2ED1179F004C9F77 = {
						CreatedOnToolsVersion = 26.1.1;
						TestTargetID = C3260C6520A2287F00C32ACA;
					};
					48AC81C52ED1181A004C9F77 = {
						CreatedOnToolsVersion = 26.1.1;
						TestTargetID = C3260C6520A2287F00C32ACA;
					};
					C3260C6520A2287F00C32ACA = {
						CreatedOnToolsVersion = 9.2;
						ProvisioningStyle = Automatic;
						SystemCapabilities = {
							com.apple.ApplicationGroups.iOS = {
								enabled = 0;
							};
						};
					};
				};
			};
			buildConfigurationList = C3260C6120A2287E00C32ACA /* Build configuration list for PBXProject "Internet Archive" */;
			developmentRegion = en;
			hasScannedForEncodings = 0;
			knownRegions = (
				en,
				Base,
			);
			mainGroup = C3260C5D20A2287E00C32ACA;
			packageReferences = (
				PKG00001 /* XCRemoteSwiftPackageReference "Alamofire" */,
				PKG00002 /* XCRemoteSwiftPackageReference "AlamofireImage" */,
				PKG00003 /* XCRemoteSwiftPackageReference "SVProgressHUD" */,
				PKG00004 /* XCRemoteSwiftPackageReference "MBProgressHUD" */,
				PKG00005 /* XCRemoteSwiftPackageReference "SwiftSoup" */,
				PKG00006 /* XCRemoteSwiftPackageReference "TvOSMoreButton" */,
				PKG00007 /* XCRemoteSwiftPackageReference "TvOSTextViewer" */,
			);
			preferredProjectObjectVersion = 77;
			productRefGroup = C3260C6720A2287F00C32ACA /* Products */;
			projectDirPath = "";
			projectRoot = "";
			targets = (
				C3260C6520A2287F00C32ACA /* Internet Archive */,
				48AC819A2ED1179F004C9F77 /* Internet ArchiveTests */,
				48AC81C52ED1181A004C9F77 /* Internet ArchiveUITests */,
			);
		};
/* End PBXProject section */

/* Begin PBXResourcesBuildPhase section */
		48AC81992ED1179F004C9F77 /* Resources */ = {
			isa = PBXResourcesBuildPhase;
			buildActionMask = 2147483647;
			files = (
			);
			runOnlyForDeploymentPostprocessing = 0;
		};
		48AC81C42ED1181A004C9F77 /* Resources */ = {
			isa = PBXResourcesBuildPhase;
			buildActionMask = 2147483647;
			files = (
			);
			runOnlyForDeploymentPostprocessing = 0;
		};
		C3260C6420A2287F00C32ACA /* Resources */ = {
			isa = PBXResourcesBuildPhase;
			buildActionMask = 2147483647;
			files = (
			);
			runOnlyForDeploymentPostprocessing = 0;
		};
/* End PBXResourcesBuildPhase section */

/* Begin PBXShellScriptBuildPhase section */
		SWIFTLINT000000000000001 /* SwiftLint */ = {
			isa = PBXShellScriptBuildPhase;
			alwaysOutOfDate = 1;
			buildActionMask = 2147483647;
			files = (
			);
			inputPaths = (
			);
			name = SwiftLint;
			outputPaths = (
			);
			runOnlyForDeploymentPostprocessing = 0;
			shellPath = /bin/sh;
			shellScript = "# Run SwiftLint if available\n# Check common installation paths (Homebrew on Apple Silicon, Intel, and system PATH)\nexport PATH=\"/opt/homebrew/bin:/usr/local/bin:$PATH\"\nif which swiftlint >/dev/null; then\n  swiftlint\nelse\n  echo \"warning: SwiftLint not installed, download from https://github.com/realm/SwiftLint\"\nfi\n";
		};
/* End PBXShellScriptBuildPhase section */

/* Begin PBXSourcesBuildPhase section */
		48AC81972ED1179F004C9F77 /* Sources */ = {
			isa = PBXSourcesBuildPhase;
			buildActionMask = 2147483647;
			files = (
			);
			runOnlyForDeploymentPostprocessing = 0;
		};
		48AC81C22ED1181A004C9F77 /* Sources */ = {
			isa = PBXSourcesBuildPhase;
			buildActionMask = 2147483647;
			files = (
			);
			runOnlyForDeploymentPostprocessing = 0;
		};
		C3260C6220A2287F00C32ACA /* Sources */ = {
			isa = PBXSourcesBuildPhase;
			buildActionMask = 2147483647;
			files = (
			);
			runOnlyForDeploymentPostprocessing = 0;
		};
/* End PBXSourcesBuildPhase section */

/* Begin PBXTargetDependency section */
		48AC81A02ED1179F004C9F77 /* PBXTargetDependency */ = {
			isa = PBXTargetDependency;
			target = C3260C6520A2287F00C32ACA /* Internet Archive */;
			targetProxy = 48AC819F2ED1179F004C9F77 /* PBXContainerItemProxy */;
		};
		48AC81CD2ED1181A004C9F77 /* PBXTargetDependency */ = {
			isa = PBXTargetDependency;
			target = C3260C6520A2287F00C32ACA /* Internet Archive */;
			targetProxy = 48AC81CC2ED1181A004C9F77 /* PBXContainerItemProxy */;
		};
/* End PBXTargetDependency section */

/* Begin XCBuildConfiguration section */
		48AC81A12ED1179F004C9F77 /* Debug */ = {
			isa = XCBuildConfiguration;
			buildSettings = {
				ASSETCATALOG_COMPILER_GENERATE_SWIFT_ASSET_SYMBOL_EXTENSIONS = YES;
				BUNDLE_LOADER = "$(TEST_HOST)";
				CLANG_CXX_LANGUAGE_STANDARD = "gnu++20";
				CLANG_ENABLE_OBJC_WEAK = YES;
				CLANG_WARN_DEPRECATED_OBJC_IMPLEMENTATIONS = YES;
				CLANG_WARN_OBJC_IMPLICIT_RETAIN_SELF = YES;
				CLANG_WARN_QUOTED_INCLUDE_IN_FRAMEWORK_HEADER = "$(inherited)";
				CODE_SIGN_STYLE = Automatic;
				CURRENT_PROJECT_VERSION = 1;
				ENABLE_USER_SCRIPT_SANDBOXING = YES;
				GCC_C_LANGUAGE_STANDARD = gnu17;
				GENERATE_INFOPLIST_FILE = YES;
				LOCALIZATION_PREFERS_STRING_CATALOGS = YES;
				MACOSX_DEPLOYMENT_TARGET = 11.5;
				MARKETING_VERSION = 1.0;
				MTL_ENABLE_DEBUG_INFO = INCLUDE_SOURCE;
				MTL_FAST_MATH = YES;
				PRODUCT_BUNDLE_IDENTIFIER = "rlorenzo.Internet-ArchiveTests";
				PRODUCT_NAME = "$(TARGET_NAME)";
				STRING_CATALOG_GENERATE_SYMBOLS = NO;
				SWIFT_ACTIVE_COMPILATION_CONDITIONS = "DEBUG $(inherited)";
				SWIFT_APPROACHABLE_CONCURRENCY = YES;
				SWIFT_EMIT_LOC_STRINGS = NO;
				SWIFT_UPCOMING_FEATURE_MEMBER_IMPORT_VISIBILITY = YES;
				SWIFT_VERSION = 6.0;
				TARGETED_DEVICE_FAMILY = 3;
				TEST_HOST = "$(BUILT_PRODUCTS_DIR)/Internet Archive.app/$(BUNDLE_EXECUTABLE_FOLDER_PATH)/Internet Archive";
				TVOS_DEPLOYMENT_TARGET = 17.0;
			};
			name = Debug;
		};
		48AC81A22ED1179F004C9F77 /* Release */ = {
			isa = XCBuildConfiguration;
			buildSettings = {
				ASSETCATALOG_COMPILER_GENERATE_SWIFT_ASSET_SYMBOL_EXTENSIONS = YES;
				BUNDLE_LOADER = "$(TEST_HOST)";
				CLANG_CXX_LANGUAGE_STANDARD = "gnu++20";
				CLANG_ENABLE_OBJC_WEAK = YES;
				CLANG_WARN_DEPRECATED_OBJC_IMPLEMENTATIONS = YES;
				CLANG_WARN_OBJC_IMPLICIT_RETAIN_SELF = YES;
				CLANG_WARN_QUOTED_INCLUDE_IN_FRAMEWORK_HEADER = "$(inherited)";
				CODE_SIGN_STYLE = Automatic;
				CURRENT_PROJECT_VERSION = 1;
				ENABLE_USER_SCRIPT_SANDBOXING = YES;
				GCC_C_LANGUAGE_STANDARD = gnu17;
				GENERATE_INFOPLIST_FILE = YES;
				LOCALIZATION_PREFERS_STRING_CATALOGS = YES;
				MACOSX_DEPLOYMENT_TARGET = 11.5;
				MARKETING_VERSION = 1.0;
				MTL_FAST_MATH = YES;
				PRODUCT_BUNDLE_IDENTIFIER = "rlorenzo.Internet-ArchiveTests";
				PRODUCT_NAME = "$(TARGET_NAME)";
				STRING_CATALOG_GENERATE_SYMBOLS = NO;
				SWIFT_APPROACHABLE_CONCURRENCY = YES;
				SWIFT_EMIT_LOC_STRINGS = NO;
				SWIFT_UPCOMING_FEATURE_MEMBER_IMPORT_VISIBILITY = YES;
				SWIFT_VERSION = 6.0;
				TARGETED_DEVICE_FAMILY = 3;
				TEST_HOST = "$(BUILT_PRODUCTS_DIR)/Internet Archive.app/$(BUNDLE_EXECUTABLE_FOLDER_PATH)/Internet Archive";
				TVOS_DEPLOYMENT_TARGET = 17.0;
			};
			name = Release;
		};
		48AC81CF2ED1181A004C9F77 /* Debug */ = {
			isa = XCBuildConfiguration;
			buildSettings = {
				ASSETCATALOG_COMPILER_GENERATE_SWIFT_ASSET_SYMBOL_EXTENSIONS = YES;
				CLANG_CXX_LANGUAGE_STANDARD = "gnu++20";
				CLANG_ENABLE_OBJC_WEAK = YES;
				CLANG_WARN_DEPRECATED_OBJC_IMPLEMENTATIONS = YES;
				CLANG_WARN_OBJC_IMPLICIT_RETAIN_SELF = YES;
				CLANG_WARN_QUOTED_INCLUDE_IN_FRAMEWORK_HEADER = "$(inherited)";
				CODE_SIGN_STYLE = Automatic;
				CURRENT_PROJECT_VERSION = 1;
				ENABLE_USER_SCRIPT_SANDBOXING = YES;
				GCC_C_LANGUAGE_STANDARD = gnu17;
				GENERATE_INFOPLIST_FILE = YES;
				LOCALIZATION_PREFERS_STRING_CATALOGS = YES;
				MACOSX_DEPLOYMENT_TARGET = 11.5;
				MARKETING_VERSION = 1.0;
				MTL_ENABLE_DEBUG_INFO = INCLUDE_SOURCE;
				MTL_FAST_MATH = YES;
				PRODUCT_BUNDLE_IDENTIFIER = "rlorenzo.Internet-ArchiveUITests";
				PRODUCT_NAME = "$(TARGET_NAME)";
				STRING_CATALOG_GENERATE_SYMBOLS = NO;
				SWIFT_ACTIVE_COMPILATION_CONDITIONS = "DEBUG $(inherited)";
				SWIFT_APPROACHABLE_CONCURRENCY = YES;
				SWIFT_EMIT_LOC_STRINGS = NO;
				SWIFT_STRICT_CONCURRENCY = minimal;
				SWIFT_UPCOMING_FEATURE_MEMBER_IMPORT_VISIBILITY = YES;
				SWIFT_VERSION = 6.0;
				TARGETED_DEVICE_FAMILY = 3;
				TEST_TARGET_NAME = "Internet Archive";
				TVOS_DEPLOYMENT_TARGET = 17.0;
			};
			name = Debug;
		};
		48AC81D02ED1181A004C9F77 /* Release */ = {
			isa = XCBuildConfiguration;
			buildSettings = {
				ASSETCATALOG_COMPILER_GENERATE_SWIFT_ASSET_SYMBOL_EXTENSIONS = YES;
				CLANG_CXX_LANGUAGE_STANDARD = "gnu++20";
				CLANG_ENABLE_OBJC_WEAK = YES;
				CLANG_WARN_DEPRECATED_OBJC_IMPLEMENTATIONS = YES;
				CLANG_WARN_OBJC_IMPLICIT_RETAIN_SELF = YES;
				CLANG_WARN_QUOTED_INCLUDE_IN_FRAMEWORK_HEADER = "$(inherited)";
				CODE_SIGN_STYLE = Automatic;
				CURRENT_PROJECT_VERSION = 1;
				ENABLE_USER_SCRIPT_SANDBOXING = YES;
				GCC_C_LANGUAGE_STANDARD = gnu17;
				GENERATE_INFOPLIST_FILE = YES;
				LOCALIZATION_PREFERS_STRING_CATALOGS = YES;
				MACOSX_DEPLOYMENT_TARGET = 11.5;
				MARKETING_VERSION = 1.0;
				MTL_FAST_MATH = YES;
				PRODUCT_BUNDLE_IDENTIFIER = "rlorenzo.Internet-ArchiveUITests";
				PRODUCT_NAME = "$(TARGET_NAME)";
				STRING_CATALOG_GENERATE_SYMBOLS = NO;
				SWIFT_APPROACHABLE_CONCURRENCY = YES;
				SWIFT_EMIT_LOC_STRINGS = NO;
				SWIFT_STRICT_CONCURRENCY = minimal;
				SWIFT_UPCOMING_FEATURE_MEMBER_IMPORT_VISIBILITY = YES;
				SWIFT_VERSION = 6.0;
				TARGETED_DEVICE_FAMILY = 3;
				TEST_TARGET_NAME = "Internet Archive";
				TVOS_DEPLOYMENT_TARGET = 17.0;
			};
			name = Release;
		};
		C3260C7320A2287F00C32ACA /* Debug */ = {
			isa = XCBuildConfiguration;
			buildSettings = {
				ALWAYS_SEARCH_USER_PATHS = NO;
				ASSETCATALOG_COMPILER_GENERATE_SWIFT_ASSET_SYMBOL_EXTENSIONS = YES;
				CLANG_ANALYZER_NONNULL = YES;
				CLANG_ANALYZER_NUMBER_OBJECT_CONVERSION = YES_AGGRESSIVE;
				CLANG_CXX_LANGUAGE_STANDARD = "gnu++14";
				CLANG_CXX_LIBRARY = "libc++";
				CLANG_ENABLE_MODULES = YES;
				CLANG_ENABLE_OBJC_ARC = YES;
				CLANG_WARN_BLOCK_CAPTURE_AUTORELEASING = YES;
				CLANG_WARN_BOOL_CONVERSION = YES;
				CLANG_WARN_COMMA = YES;
				CLANG_WARN_CONSTANT_CONVERSION = YES;
				CLANG_WARN_DEPRECATED_OBJC_IMPLEMENTATIONS = YES;
				CLANG_WARN_DIRECT_OBJC_ISA_USAGE = YES_ERROR;
				CLANG_WARN_DOCUMENTATION_COMMENTS = YES;
				CLANG_WARN_EMPTY_BODY = YES;
				CLANG_WARN_ENUM_CONVERSION = YES;
				CLANG_WARN_INFINITE_RECURSION = YES;
				CLANG_WARN_INT_CONVERSION = YES;
				CLANG_WARN_NON_LITERAL_NULL_CONVERSION = YES;
				CLANG_WARN_OBJC_IMPLICIT_RETAIN_SELF = YES;
				CLANG_WARN_OBJC_LITERAL_CONVERSION = YES;
				CLANG_WARN_OBJC_ROOT_CLASS = YES_ERROR;
				CLANG_WARN_QUOTED_INCLUDE_IN_FRAMEWORK_HEADER = YES;
				CLANG_WARN_RANGE_LOOP_ANALYSIS = YES;
				CLANG_WARN_STRICT_PROTOTYPES = YES;
				CLANG_WARN_SUSPICIOUS_MOVE = YES;
				CLANG_WARN_UNGUARDED_AVAILABILITY = YES_AGGRESSIVE;
				CLANG_WARN_UNREACHABLE_CODE = YES;
				CLANG_WARN__DUPLICATE_METHOD_MATCH = YES;
				COPY_PHASE_STRIP = NO;
				DEBUG_INFORMATION_FORMAT = dwarf;
				ENABLE_STRICT_OBJC_MSGSEND = YES;
				ENABLE_TESTABILITY = YES;
				GCC_C_LANGUAGE_STANDARD = gnu11;
				GCC_DYNAMIC_NO_PIC = NO;
				GCC_NO_COMMON_BLOCKS = YES;
				GCC_OPTIMIZATION_LEVEL = 0;
				GCC_PREPROCESSOR_DEFINITIONS = (
					"DEBUG=1",
					"$(inherited)",
				);
				GCC_WARN_64_TO_32_BIT_CONVERSION = YES;
				GCC_WARN_ABOUT_RETURN_TYPE = YES_ERROR;
				GCC_WARN_UNDECLARED_SELECTOR = YES;
				GCC_WARN_UNINITIALIZED_AUTOS = YES_AGGRESSIVE;
				GCC_WARN_UNUSED_FUNCTION = YES;
				GCC_WARN_UNUSED_VARIABLE = YES;
				MTL_ENABLE_DEBUG_INFO = YES;
				ONLY_ACTIVE_ARCH = YES;
				SDKROOT = appletvos;
				STRING_CATALOG_GENERATE_SYMBOLS = YES;
				SWIFT_ACTIVE_COMPILATION_CONDITIONS = DEBUG;
				SWIFT_OPTIMIZATION_LEVEL = "-Onone";
				TVOS_DEPLOYMENT_TARGET = 17.0;
			};
			name = Debug;
		};
		C3260C7420A2287F00C32ACA /* Release */ = {
			isa = XCBuildConfiguration;
			buildSettings = {
				ALWAYS_SEARCH_USER_PATHS = NO;
				ASSETCATALOG_COMPILER_GENERATE_SWIFT_ASSET_SYMBOL_EXTENSIONS = YES;
				CLANG_ANALYZER_NONNULL = YES;
				CLANG_ANALYZER_NUMBER_OBJECT_CONVERSION = YES_AGGRESSIVE;
				CLANG_CXX_LANGUAGE_STANDARD = "gnu++14";
				CLANG_CXX_LIBRARY = "libc++";
				CLANG_ENABLE_MODULES = YES;
				CLANG_ENABLE_OBJC_ARC = YES;
				CLANG_WARN_BLOCK_CAPTURE_AUTORELEASING = YES;
				CLANG_WARN_BOOL_CONVERSION = YES;
				CLANG_WARN_COMMA = YES;
				CLANG_WARN_CONSTANT_CONVERSION = YES;
				CLANG_WARN_DEPRECATED_OBJC_IMPLEMENTATIONS = YES;
				CLANG_WARN_DIRECT_OBJC_ISA_USAGE = YES_ERROR;
				CLANG_WARN_DOCUMENTATION_COMMENTS = YES;
				CLANG_WARN_EMPTY_BODY = YES;
				CLANG_WARN_ENUM_CONVERSION = YES;
				CLANG_WARN_INFINITE_RECURSION = YES;
				CLANG_WARN_INT_CONVERSION = YES;
				CLANG_WARN_NON_LITERAL_NULL_CONVERSION = YES;
				CLANG_WARN_OBJC_IMPLICIT_RETAIN_SELF = YES;
				CLANG_WARN_OBJC_LITERAL_CONVERSION = YES;
				CLANG_WARN_OBJC_ROOT_CLASS = YES_ERROR;
				CLANG_WARN_QUOTED_INCLUDE_IN_FRAMEWORK_HEADER = YES;
				CLANG_WARN_RANGE_LOOP_ANALYSIS = YES;
				CLANG_WARN_STRICT_PROTOTYPES = YES;
				CLANG_WARN_SUSPICIOUS_MOVE = YES;
				CLANG_WARN_UNGUARDED_AVAILABILITY = YES_AGGRESSIVE;
				CLANG_WARN_UNREACHABLE_CODE = YES;
				CLANG_WARN__DUPLICATE_METHOD_MATCH = YES;
				COPY_PHASE_STRIP = NO;
				DEBUG_INFORMATION_FORMAT = "dwarf-with-dsym";
				ENABLE_NS_ASSERTIONS = NO;
				ENABLE_STRICT_OBJC_MSGSEND = YES;
				GCC_C_LANGUAGE_STANDARD = gnu11;
				GCC_NO_COMMON_BLOCKS = YES;
				GCC_WARN_64_TO_32_BIT_CONVERSION = YES;
				GCC_WARN_ABOUT_RETURN_TYPE = YES_ERROR;
				GCC_WARN_UNDECLARED_SELECTOR = YES;
				GCC_WARN_UNINITIALIZED_AUTOS = YES_AGGRESSIVE;
				GCC_WARN_UNUSED_FUNCTION = YES;
				GCC_WARN_UNUSED_VARIABLE = YES;
				MTL_ENABLE_DEBUG_INFO = NO;
				SDKROOT = appletvos;
				STRING_CATALOG_GENERATE_SYMBOLS = YES;
				SWIFT_COMPILATION_MODE = wholemodule;
				SWIFT_OPTIMIZATION_LEVEL = "-O";
				TVOS_DEPLOYMENT_TARGET = 17.0;
				VALIDATE_PRODUCT = YES;
			};
			name = Release;
		};
		C3260C7620A2287F00C32ACA /* Debug */ = {
			isa = XCBuildConfiguration;
			buildSettings = {
				ASSETCATALOG_COMPILER_APPICON_NAME = "App Icon & Top Shelf Image";
				ASSETCATALOG_COMPILER_LAUNCHIMAGE_NAME = LaunchImage;
				CODE_SIGN_STYLE = Automatic;
				DEVELOPMENT_TEAM = "";
				INFOPLIST_FILE = "Internet Archive/Info.plist";
				LD_RUNPATH_SEARCH_PATHS = (
					"$(inherited)",
					"@executable_path/Frameworks",
				);
				PRODUCT_BUNDLE_IDENTIFIER = archivetv;
				PRODUCT_NAME = "$(TARGET_NAME)";
				SWIFT_OBJC_BRIDGING_HEADER = "Internet Archive/Internet Archive-Bridging-Header.h";
				SWIFT_STRICT_CONCURRENCY = complete;
				SWIFT_VERSION = 6.0;
				TARGETED_DEVICE_FAMILY = 3;
				TVOS_DEPLOYMENT_TARGET = 17.0;
			};
			name = Debug;
		};
		C3260C7720A2287F00C32ACA /* Release */ = {
			isa = XCBuildConfiguration;
			buildSettings = {
				ASSETCATALOG_COMPILER_APPICON_NAME = "App Icon & Top Shelf Image";
				ASSETCATALOG_COMPILER_LAUNCHIMAGE_NAME = LaunchImage;
				CODE_SIGN_STYLE = Automatic;
				DEVELOPMENT_TEAM = "";
				INFOPLIST_FILE = "Internet Archive/Info.plist";
				LD_RUNPATH_SEARCH_PATHS = (
					"$(inherited)",
					"@executable_path/Frameworks",
				);
				PRODUCT_BUNDLE_IDENTIFIER = archivetv;
				PRODUCT_NAME = "$(TARGET_NAME)";
				SWIFT_OBJC_BRIDGING_HEADER = "Internet Archive/Internet Archive-Bridging-Header.h";
				SWIFT_STRICT_CONCURRENCY = complete;
				SWIFT_VERSION = 6.0;
				TARGETED_DEVICE_FAMILY = 3;
				TVOS_DEPLOYMENT_TARGET = 17.0;
			};
			name = Release;
		};
/* End XCBuildConfiguration section */

/* Begin XCConfigurationList section */
		48AC81A32ED1179F004C9F77 /* Build configuration list for PBXNativeTarget "Internet ArchiveTests" */ = {
			isa = XCConfigurationList;
			buildConfigurations = (
				48AC81A12ED1179F004C9F77 /* Debug */,
				48AC81A22ED1179F004C9F77 /* Release */,
			);
			defaultConfigurationIsVisible = 0;
			defaultConfigurationName = Release;
		};
		48AC81CE2ED1181A004C9F77 /* Build configuration list for PBXNativeTarget "Internet ArchiveUITests" */ = {
			isa = XCConfigurationList;
			buildConfigurations = (
				48AC81CF2ED1181A004C9F77 /* Debug */,
				48AC81D02ED1181A004C9F77 /* Release */,
			);
			defaultConfigurationIsVisible = 0;
			defaultConfigurationName = Release;
		};
		C3260C6120A2287E00C32ACA /* Build configuration list for PBXProject "Internet Archive" */ = {
			isa = XCConfigurationList;
			buildConfigurations = (
				C3260C7320A2287F00C32ACA /* Debug */,
				C3260C7420A2287F00C32ACA /* Release */,
			);
			defaultConfigurationIsVisible = 0;
			defaultConfigurationName = Release;
		};
		C3260C7520A2287F00C32ACA /* Build configuration list for PBXNativeTarget "Internet Archive" */ = {
			isa = XCConfigurationList;
			buildConfigurations = (
				C3260C7620A2287F00C32ACA /* Debug */,
				C3260C7720A2287F00C32ACA /* Release */,
			);
			defaultConfigurationIsVisible = 0;
			defaultConfigurationName = Release;
		};
/* End XCConfigurationList section */

/* Begin XCRemoteSwiftPackageReference section */
		PKG00001 /* XCRemoteSwiftPackageReference "Alamofire" */ = {
			isa = XCRemoteSwiftPackageReference;
			repositoryURL = "https://github.com/Alamofire/Alamofire.git";
			requirement = {
				kind = upToNextMajorVersion;
				minimumVersion = 5.9.0;
			};
		};
		PKG00002 /* XCRemoteSwiftPackageReference "AlamofireImage" */ = {
			isa = XCRemoteSwiftPackageReference;
			repositoryURL = "https://github.com/Alamofire/AlamofireImage.git";
			requirement = {
				kind = upToNextMajorVersion;
				minimumVersion = 4.3.0;
			};
		};
		PKG00003 /* XCRemoteSwiftPackageReference "SVProgressHUD" */ = {
			isa = XCRemoteSwiftPackageReference;
			repositoryURL = "https://github.com/SVProgressHUD/SVProgressHUD.git";
			requirement = {
				kind = upToNextMajorVersion;
				minimumVersion = 2.3.1;
			};
		};
		PKG00004 /* XCRemoteSwiftPackageReference "MBProgressHUD" */ = {
			isa = XCRemoteSwiftPackageReference;
			repositoryURL = "https://github.com/jdg/MBProgressHUD.git";
			requirement = {
				kind = upToNextMajorVersion;
				minimumVersion = 1.2.0;
			};
		};
		PKG00005 /* XCRemoteSwiftPackageReference "SwiftSoup" */ = {
			isa = XCRemoteSwiftPackageReference;
			repositoryURL = "https://github.com/scinfu/SwiftSoup.git";
			requirement = {
				kind = upToNextMajorVersion;
				minimumVersion = 2.7.0;
			};
		};
		PKG00006 /* XCRemoteSwiftPackageReference "TvOSMoreButton" */ = {
			isa = XCRemoteSwiftPackageReference;
			repositoryURL = "https://github.com/cgoldsby/TvOSMoreButton.git";
			requirement = {
				kind = revision;
				revision = afd4fa478d8a214a17152caa6209b49a08066ea3;
			};
		};
		PKG00007 /* XCRemoteSwiftPackageReference "TvOSTextViewer" */ = {
			isa = XCRemoteSwiftPackageReference;
			repositoryURL = "https://github.com/dcordero/TvOSTextViewer.git";
			requirement = {
				kind = revision;
				revision = 87829515d7f9246a68a7f777b227d996dae28417;
			};
		};
/* End XCRemoteSwiftPackageReference section */

/* Begin XCSwiftPackageProductDependency section */
		SPM00001 /* Alamofire */ = {
			isa = XCSwiftPackageProductDependency;
			package = PKG00001 /* XCRemoteSwiftPackageReference "Alamofire" */;
			productName = Alamofire;
		};
		SPM00002 /* AlamofireImage */ = {
			isa = XCSwiftPackageProductDependency;
			package = PKG00002 /* XCRemoteSwiftPackageReference "AlamofireImage" */;
			productName = AlamofireImage;
		};
		SPM00003 /* SVProgressHUD */ = {
			isa = XCSwiftPackageProductDependency;
			package = PKG00003 /* XCRemoteSwiftPackageReference "SVProgressHUD" */;
			productName = SVProgressHUD;
		};
		SPM00004 /* MBProgressHUD */ = {
			isa = XCSwiftPackageProductDependency;
			package = PKG00004 /* XCRemoteSwiftPackageReference "MBProgressHUD" */;
			productName = MBProgressHUD;
		};
		SPM00005 /* SwiftSoup */ = {
			isa = XCSwiftPackageProductDependency;
			package = PKG00005 /* XCRemoteSwiftPackageReference "SwiftSoup" */;
			productName = SwiftSoup;
		};
		SPM00006 /* TvOSMoreButton */ = {
			isa = XCSwiftPackageProductDependency;
			package = PKG00006 /* XCRemoteSwiftPackageReference "TvOSMoreButton" */;
			productName = TvOSMoreButton;
		};
		SPM00007 /* TvOSTextViewer */ = {
			isa = XCSwiftPackageProductDependency;
			package = PKG00007 /* XCRemoteSwiftPackageReference "TvOSTextViewer" */;
			productName = TvOSTextViewer;
		};
		SPM00008 /* Alamofire */ = {
			isa = XCSwiftPackageProductDependency;
			package = PKG00001 /* XCRemoteSwiftPackageReference "Alamofire" */;
			productName = Alamofire;
		};
/* End XCSwiftPackageProductDependency section */
	};
	rootObject = C3260C5E20A2287E00C32ACA /* Project object */;
}
